{
  "name": "TX",
  "version": "1.0.0",
  "lockfileVersion": 1,
  "requires": true,
  "dependencies": {
    "dom7": {
      "version": "3.0.0-alpha.9",
      "resolved": "https://registry.npm.taobao.org/dom7/download/dom7-3.0.0-alpha.9.tgz",
      "integrity": "sha1-ARDCEYG4utOh7nJEPgTTwuPx048=",
      "requires": {
        "ssr-window": "^3.0.0-alpha.1"
      }
    },
    "jquery": {
      "version": "3.5.1",
      "resolved": "https://registry.npm.taobao.org/jquery/download/jquery-3.5.1.tgz",
      "integrity": "sha1-17TQjhv9uGrS8aPQOeoXMEcXq7U="
    },
    "ssr-window": {
      "version": "3.0.0-alpha.4",
      "resolved": "https://registry.npm.taobao.org/ssr-window/download/ssr-window-3.0.0-alpha.4.tgz",
      "integrity": "sha1-DGmhjEMF7MzdjhFZYVXKB7Y180U="
    },
    "swiper": {
      "version": "6.3.3",
      "resolved": "https://registry.npm.taobao.org/swiper/download/swiper-6.3.3.tgz",
      "integrity": "sha1-4LLidiHAfnib+pFWm1Z26JbRgAE=",
      "requires": {
        "dom7": "^3.0.0-alpha.7",
        "ssr-window": "^3.0.0-alpha.4"
      }
    }
  }
}
